
Microsoft Visual Studio Solution File, Format Version 12.00
# Visual Studio Version 16
VisualStudioVersion = 16.0.31729.503
MinimumVisualStudioVersion = 10.0.40219.1
Project("{FAE04EC0-301F-11D3-BF4B-00C04F79EFBC}") = "LibAppOrzechowski", "LibAppOrzechowski.csproj", "{600A42FB-A906-4B86-8F34-E1D47938FC8D}"
EndProject
Global
	GlobalSection(SolutionConfigurationPlatforms) = preSolution
		Debug|Any CPU = Debug|Any CPU
		Release|Any CPU = Release|Any CPU
	EndGlobalSection
	GlobalSection(ProjectConfigurationPlatforms) = postSolution
		{600A42FB-A906-4B86-8F34-E1D47938FC8D}.Debug|Any CPU.ActiveCfg = Debug|Any CPU
		{600A42FB-A906-4B86-8F34-E1D47938FC8D}.Debug|Any CPU.Build.0 = Debug|Any CPU
		{600A42FB-A906-4B86-8F34-E1D47938FC8D}.Release|Any CPU.ActiveCfg = Release|Any CPU
		{600A42FB-A906-4B86-8F34-E1D47938FC8D}.Release|Any CPU.Build.0 = Release|Any CPU
	EndGlobalSection
	GlobalSection(SolutionProperties) = preSolution
		HideSolutionNode = FALSE
	EndGlobalSection
	GlobalSection(ExtensibilityGlobals) = postSolution
		SolutionGuid = {E042C01A-106D-4C60-A0EC-AA5BD8345AE7}
	EndGlobalSection
EndGlobal
